// !$*UTF8*$!
{
	archiveVersion = 1;
	classes = {
	};
	objectVersion = 56;
	objects = {

/* Begin PBXBuildFile section */
		930867CD2AAD1AF800785996 /* AppDelegate.swift in Sources */ = {isa = PBXBuildFile; fileRef = 930867CC2AAD1AF800785996 /* AppDelegate.swift */; };
		930867CF2AAD1AF800785996 /* SceneDelegate.swift in Sources */ = {isa = PBXBuildFile; fileRef = 930867CE2AAD1AF800785996 /* SceneDelegate.swift */; };
		930867D62AAD1AF900785996 /* Assets.xcassets in Resources */ = {isa = PBXBuildFile; fileRef = 930867D52AAD1AF900785996 /* Assets.xcassets */; };
		930867D92AAD1AF900785996 /* LaunchScreen.storyboard in Resources */ = {isa = PBXBuildFile; fileRef = 930867D72AAD1AF900785996 /* LaunchScreen.storyboard */; };
		930867E72AAD1E8B00785996 /* HomeScreen.swift in Sources */ = {isa = PBXBuildFile; fileRef = 930867E62AAD1E8B00785996 /* HomeScreen.swift */; };
		930867E92AAD1EB700785996 /* NetworkManager.swift in Sources */ = {isa = PBXBuildFile; fileRef = 930867E82AAD1EB700785996 /* NetworkManager.swift */; };
		93834CB82AB7425B00D783F6 /* UIHelper.swift in Sources */ = {isa = PBXBuildFile; fileRef = 93834CB72AB7425B00D783F6 /* UIHelper.swift */; };
		93834CBA2AB7446000D783F6 /* CGFloatExtension.swift in Sources */ = {isa = PBXBuildFile; fileRef = 93834CB92AB7446000D783F6 /* CGFloatExtension.swift */; };
		93834CBC2AB745DA00D783F6 /* TypeAlias.swift in Sources */ = {isa = PBXBuildFile; fileRef = 93834CBB2AB745DA00D783F6 /* TypeAlias.swift */; };
		93834CBE2AB74C8F00D783F6 /* MovieCollectionViewCell.swift in Sources */ = {isa = PBXBuildFile; fileRef = 93834CBD2AB74C8F00D783F6 /* MovieCollectionViewCell.swift */; };
		93E27C122AB119AB0040B624 /* UIViewExtensions.swift in Sources */ = {isa = PBXBuildFile; fileRef = 93E27C112AB119AB0040B624 /* UIViewExtensions.swift */; };
		93E669242AAE27670012215F /* Movie.swift in Sources */ = {isa = PBXBuildFile; fileRef = 93E669232AAE27670012215F /* Movie.swift */; };
		93E669262AAE33920012215F /* MovieService.swift in Sources */ = {isa = PBXBuildFile; fileRef = 93E669252AAE33920012215F /* MovieService.swift */; };
		93E669282AAE38F60012215F /* APIURLs.swift in Sources */ = {isa = PBXBuildFile; fileRef = 93E669272AAE38F60012215F /* APIURLs.swift */; };
		93E6692A2AAE3B610012215F /* HomeViewModel.swift in Sources */ = {isa = PBXBuildFile; fileRef = 93E669292AAE3B610012215F /* HomeViewModel.swift */; };
/* End PBXBuildFile section */

/* Begin PBXFileReference section */
		930867C92AAD1AF800785996 /* MVVM-Example.app */ = {isa = PBXFileReference; explicitFileType = wrapper.application; includeInIndex = 0; path = "MVVM-Example.app"; sourceTree = BUILT_PRODUCTS_DIR; };
		930867CC2AAD1AF800785996 /* AppDelegate.swift */ = {isa = PBXFileReference; lastKnownFileType = sourcecode.swift; path = AppDelegate.swift; sourceTree = "<group>"; };
		930867CE2AAD1AF800785996 /* SceneDelegate.swift */ = {isa = PBXFileReference; lastKnownFileType = sourcecode.swift; path = SceneDelegate.swift; sourceTree = "<group>"; };
		930867D52AAD1AF900785996 /* Assets.xcassets */ = {isa = PBXFileReference; lastKnownFileType = folder.assetcatalog; path = Assets.xcassets; sourceTree = "<group>"; };
		930867D82AAD1AF900785996 /* Base */ = {isa = PBXFileReference; lastKnownFileType = file.storyboard; name = Base; path = Base.lproj/LaunchScreen.storyboard; sourceTree = "<group>"; };
		930867DA2AAD1AF900785996 /* Info.plist */ = {isa = PBXFileReference; lastKnownFileType = text.plist.xml; path = Info.plist; sourceTree = "<group>"; };
		930867E62AAD1E8B00785996 /* HomeScreen.swift */ = {isa = PBXFileReference; lastKnownFileType = sourcecode.swift; path = HomeScreen.swift; sourceTree = "<group>"; };
		930867E82AAD1EB700785996 /* NetworkManager.swift */ = {isa = PBXFileReference; lastKnownFileType = sourcecode.swift; path = NetworkManager.swift; sourceTree = "<group>"; };
		93834CB72AB7425B00D783F6 /* UIHelper.swift */ = {isa = PBXFileReference; lastKnownFileType = sourcecode.swift; path = UIHelper.swift; sourceTree = "<group>"; };
		93834CB92AB7446000D783F6 /* CGFloatExtension.swift */ = {isa = PBXFileReference; lastKnownFileType = sourcecode.swift; path = CGFloatExtension.swift; sourceTree = "<group>"; };
		93834CBB2AB745DA00D783F6 /* TypeAlias.swift */ = {isa = PBXFileReference; lastKnownFileType = sourcecode.swift; path = TypeAlias.swift; sourceTree = "<group>"; };
		93834CBD2AB74C8F00D783F6 /* MovieCollectionViewCell.swift */ = {isa = PBXFileReference; lastKnownFileType = sourcecode.swift; path = MovieCollectionViewCell.swift; sourceTree = "<group>"; };
		93E27C112AB119AB0040B624 /* UIViewExtensions.swift */ = {isa = PBXFileReference; lastKnownFileType = sourcecode.swift; path = UIViewExtensions.swift; sourceTree = "<group>"; };
		93E669232AAE27670012215F /* Movie.swift */ = {isa = PBXFileReference; lastKnownFileType = sourcecode.swift; path = Movie.swift; sourceTree = "<group>"; };
		93E669252AAE33920012215F /* MovieService.swift */ = {isa = PBXFileReference; lastKnownFileType = sourcecode.swift; path = MovieService.swift; sourceTree = "<group>"; };
		93E669272AAE38F60012215F /* APIURLs.swift */ = {isa = PBXFileReference; lastKnownFileType = sourcecode.swift; path = APIURLs.swift; sourceTree = "<group>"; };
		93E669292AAE3B610012215F /* HomeViewModel.swift */ = {isa = PBXFileReference; lastKnownFileType = sourcecode.swift; path = HomeViewModel.swift; sourceTree = "<group>"; };
/* End PBXFileReference section */

/* Begin PBXFrameworksBuildPhase section */
		930867C62AAD1AF800785996 /* Frameworks */ = {
			isa = PBXFrameworksBuildPhase;
			buildActionMask = 2147483647;
			files = (
			);
			runOnlyForDeploymentPostprocessing = 0;
		};
/* End PBXFrameworksBuildPhase section */

/* Begin PBXGroup section */
		930867C02AAD1AF800785996 = {
			isa = PBXGroup;
			children = (
				930867CB2AAD1AF800785996 /* MVVM-Example */,
				930867CA2AAD1AF800785996 /* Products */,
			);
			sourceTree = "<group>";
		};
		930867CA2AAD1AF800785996 /* Products */ = {
			isa = PBXGroup;
			children = (
				930867C92AAD1AF800785996 /* MVVM-Example.app */,
			);
			name = Products;
			sourceTree = "<group>";
		};
		930867CB2AAD1AF800785996 /* MVVM-Example */ = {
			isa = PBXGroup;
			children = (
				93834CB62AB7424500D783F6 /* Helper */,
				93E27C102AB119830040B624 /* Extensions */,
				930867E32AAD1E1200785996 /* Core */,
				930867E22AAD1E0900785996 /* Models */,
				930867E12AAD1DF500785996 /* Services */,
				930867E02AAD1DB400785996 /* Utlilities */,
				930867CC2AAD1AF800785996 /* AppDelegate.swift */,
				930867CE2AAD1AF800785996 /* SceneDelegate.swift */,
				930867D52AAD1AF900785996 /* Assets.xcassets */,
				930867D72AAD1AF900785996 /* LaunchScreen.storyboard */,
				930867DA2AAD1AF900785996 /* Info.plist */,
			);
			path = "MVVM-Example";
			sourceTree = "<group>";
		};
		930867E02AAD1DB400785996 /* Utlilities */ = {
			isa = PBXGroup;
			children = (
				930867E82AAD1EB700785996 /* NetworkManager.swift */,
				93E669272AAE38F60012215F /* APIURLs.swift */,
			);
			path = Utlilities;
			sourceTree = "<group>";
		};
		930867E12AAD1DF500785996 /* Services */ = {
			isa = PBXGroup;
			children = (
				93E669252AAE33920012215F /* MovieService.swift */,
			);
			path = Services;
			sourceTree = "<group>";
		};
		930867E22AAD1E0900785996 /* Models */ = {
			isa = PBXGroup;
			children = (
				93E669232AAE27670012215F /* Movie.swift */,
			);
			path = Models;
			sourceTree = "<group>";
		};
		930867E32AAD1E1200785996 /* Core */ = {
			isa = PBXGroup;
			children = (
				930867E52AAD1E6300785996 /* HomeScreen */,
				930867E42AAD1E1900785996 /* Component */,
			);
			path = Core;
			sourceTree = "<group>";
		};
		930867E42AAD1E1900785996 /* Component */ = {
			isa = PBXGroup;
			children = (
				93834CBD2AB74C8F00D783F6 /* MovieCollectionViewCell.swift */,
			);
			path = Component;
			sourceTree = "<group>";
		};
		930867E52AAD1E6300785996 /* HomeScreen */ = {
			isa = PBXGroup;
			children = (
				930867E62AAD1E8B00785996 /* HomeScreen.swift */,
				93E669292AAE3B610012215F /* HomeViewModel.swift */,
			);
			path = HomeScreen;
			sourceTree = "<group>";
		};
		93834CB62AB7424500D783F6 /* Helper */ = {
			isa = PBXGroup;
			children = (
				93834CB72AB7425B00D783F6 /* UIHelper.swift */,
				93834CBB2AB745DA00D783F6 /* TypeAlias.swift */,
			);
			path = Helper;
			sourceTree = "<group>";
		};
		93E27C102AB119830040B624 /* Extensions */ = {
			isa = PBXGroup;
			children = (
				93E27C112AB119AB0040B624 /* UIViewExtensions.swift */,
				93834CB92AB7446000D783F6 /* CGFloatExtension.swift */,
			);
			path = Extensions;
			sourceTree = "<group>";
		};
/* End PBXGroup section */

/* Begin PBXNativeTarget section */
		930867C82AAD1AF800785996 /* MVVM-Example */ = {
			isa = PBXNativeTarget;
			buildConfigurationList = 930867DD2AAD1AF900785996 /* Build configuration list for PBXNativeTarget "MVVM-Example" */;
			buildPhases = (
				930867C52AAD1AF800785996 /* Sources */,
				930867C62AAD1AF800785996 /* Frameworks */,
				930867C72AAD1AF800785996 /* Resources */,
			);
			buildRules = (
			);
			dependencies = (
			);
			name = "MVVM-Example";
			productName = "MVVM-Example";
			productReference = 930867C92AAD1AF800785996 /* MVVM-Example.app */;
			productType = "com.apple.product-type.application";
		};
/* End PBXNativeTarget section */

/* Begin PBXProject section */
		930867C12AAD1AF800785996 /* Project object */ = {
			isa = PBXProject;
			attributes = {
				BuildIndependentTargetsInParallel = 1;
				LastSwiftUpdateCheck = 1430;
				LastUpgradeCheck = 1430;
				TargetAttributes = {
					930867C82AAD1AF800785996 = {
						CreatedOnToolsVersion = 14.3.1;
					};
				};
			};
			buildConfigurationList = 930867C42AAD1AF800785996 /* Build configuration list for PBXProject "MVVM-Example" */;
			compatibilityVersion = "Xcode 14.0";
			developmentRegion = en;
			hasScannedForEncodings = 0;
			knownRegions = (
				en,
				Base,
			);
			mainGroup = 930867C02AAD1AF800785996;
			productRefGroup = 930867CA2AAD1AF800785996 /* Products */;
			projectDirPath = "";
			projectRoot = "";
			targets = (
				930867C82AAD1AF800785996 /* MVVM-Example */,
			);
		};
/* End PBXProject section */

/* Begin PBXResourcesBuildPhase section */
		930867C72AAD1AF800785996 /* Resources */ = {
			isa = PBXResourcesBuildPhase;
			buildActionMask = 2147483647;
			files = (
				930867D92AAD1AF900785996 /* LaunchScreen.storyboard in Resources */,
				930867D62AAD1AF900785996 /* Assets.xcassets in Resources */,
			);
			runOnlyForDeploymentPostprocessing = 0;
		};
/* End PBXResourcesBuildPhase section */

/* Begin PBXSourcesBuildPhase section */
		930867C52AAD1AF800785996 /* Sources */ = {
			isa = PBXSourcesBuildPhase;
			buildActionMask = 2147483647;
			files = (
				93E669262AAE33920012215F /* MovieService.swift in Sources */,
				93834CBE2AB74C8F00D783F6 /* MovieCollectionViewCell.swift in Sources */,
				930867E92AAD1EB700785996 /* NetworkManager.swift in Sources */,
				930867CD2AAD1AF800785996 /* AppDelegate.swift in Sources */,
				93834CB82AB7425B00D783F6 /* UIHelper.swift in Sources */,
				93E6692A2AAE3B610012215F /* HomeViewModel.swift in Sources */,
				930867CF2AAD1AF800785996 /* SceneDelegate.swift in Sources */,
				93834CBC2AB745DA00D783F6 /* TypeAlias.swift in Sources */,
				93E669282AAE38F60012215F /* APIURLs.swift in Sources */,
				930867E72AAD1E8B00785996 /* HomeScreen.swift in Sources */,
				93E27C122AB119AB0040B624 /* UIViewExtensions.swift in Sources */,
				93E669242AAE27670012215F /* Movie.swift in Sources */,
				93834CBA2AB7446000D783F6 /* CGFloatExtension.swift in Sources */,
			);
			runOnlyForDeploymentPostprocessing = 0;
		};
/* End PBXSourcesBuildPhase section */

/* Begin PBXVariantGroup section */
		930867D72AAD1AF900785996 /* LaunchScreen.storyboard */ = {
			isa = PBXVariantGroup;
			children = (
				930867D82AAD1AF900785996 /* Base */,
			);
			name = LaunchScreen.storyboard;
			sourceTree = "<group>";
		};
/* End PBXVariantGroup section */

/* Begin XCBuildConfiguration section */
		930867DB2AAD1AF900785996 /* Debug */ = {
			isa = XCBuildConfiguration;
			buildSettings = {
				ALWAYS_SEARCH_USER_PATHS = NO;
				CLANG_ANALYZER_NONNULL = YES;
				CLANG_ANALYZER_NUMBER_OBJECT_CONVERSION = YES_AGGRESSIVE;
				CLANG_CXX_LANGUAGE_STANDARD = "gnu++20";
				CLANG_ENABLE_MODULES = YES;
				CLANG_ENABLE_OBJC_ARC = YES;
				CLANG_ENABLE_OBJC_WEAK = YES;
				CLANG_WARN_BLOCK_CAPTURE_AUTORELEASING = YES;
				CLANG_WARN_BOOL_CONVERSION = YES;
				CLANG_WARN_COMMA = YES;
				CLANG_WARN_CONSTANT_CONVERSION = YES;
				CLANG_WARN_DEPRECATED_OBJC_IMPLEMENTATIONS = YES;
				CLANG_WARN_DIRECT_OBJC_ISA_USAGE = YES_ERROR;
				CLANG_WARN_DOCUMENTATION_COMMENTS = YES;
				CLANG_WARN_EMPTY_BODY = YES;
				CLANG_WARN_ENUM_CONVERSION = YES;
				CLANG_WARN_INFINITE_RECURSION = YES;
				CLANG_WARN_INT_CONVERSION = YES;
				CLANG_WARN_NON_LITERAL_NULL_CONVERSION = YES;
				CLANG_WARN_OBJC_IMPLICIT_RETAIN_SELF = YES;
				CLANG_WARN_OBJC_LITERAL_CONVERSION = YES;
				CLANG_WARN_OBJC_ROOT_CLASS = YES_ERROR;
				CLANG_WARN_QUOTED_INCLUDE_IN_FRAMEWORK_HEADER = YES;
				CLANG_WARN_RANGE_LOOP_ANALYSIS = YES;
				CLANG_WARN_STRICT_PROTOTYPES = YES;
				CLANG_WARN_SUSPICIOUS_MOVE = YES;
				CLANG_WARN_UNGUARDED_AVAILABILITY = YES_AGGRESSIVE;
				CLANG_WARN_UNREACHABLE_CODE = YES;
				CLANG_WARN__DUPLICATE_METHOD_MATCH = YES;
				COPY_PHASE_STRIP = NO;
				DEBUG_INFORMATION_FORMAT = dwarf;
				ENABLE_STRICT_OBJC_MSGSEND = YES;
				ENABLE_TESTABILITY = YES;
				GCC_C_LANGUAGE_STANDARD = gnu11;
				GCC_DYNAMIC_NO_PIC = NO;
				GCC_NO_COMMON_BLOCKS = YES;
				GCC_OPTIMIZATION_LEVEL = 0;
				GCC_PREPROCESSOR_DEFINITIONS = (
					"DEBUG=1",
					"$(inherited)",
				);
				GCC_WARN_64_TO_32_BIT_CONVERSION = YES;
				GCC_WARN_ABOUT_RETURN_TYPE = YES_ERROR;
				GCC_WARN_UNDECLARED_SELECTOR = YES;
				GCC_WARN_UNINITIALIZED_AUTOS = YES_AGGRESSIVE;
				GCC_WARN_UNUSED_FUNCTION = YES;
				GCC_WARN_UNUSED_VARIABLE = YES;
				IPHONEOS_DEPLOYMENT_TARGET = 16.4;
				MTL_ENABLE_DEBUG_INFO = INCLUDE_SOURCE;
				MTL_FAST_MATH = YES;
				ONLY_ACTIVE_ARCH = YES;
				SDKROOT = iphoneos;
				SWIFT_ACTIVE_COMPILATION_CONDITIONS = DEBUG;
				SWIFT_OPTIMIZATION_LEVEL = "-Onone";
			};
			name = Debug;
		};
		930867DC2AAD1AF900785996 /* Release */ = {
			isa = XCBuildConfiguration;
			buildSettings = {
				ALWAYS_SEARCH_USER_PATHS = NO;
				CLANG_ANALYZER_NONNULL = YES;
				CLANG_ANALYZER_NUMBER_OBJECT_CONVERSION = YES_AGGRESSIVE;
				CLANG_CXX_LANGUAGE_STANDARD = "gnu++20";
				CLANG_ENABLE_MODULES = YES;
				CLANG_ENABLE_OBJC_ARC = YES;
				CLANG_ENABLE_OBJC_WEAK = YES;
				CLANG_WARN_BLOCK_CAPTURE_AUTORELEASING = YES;
				CLANG_WARN_BOOL_CONVERSION = YES;
				CLANG_WARN_COMMA = YES;
				CLANG_WARN_CONSTANT_CONVERSION = YES;
				CLANG_WARN_DEPRECATED_OBJC_IMPLEMENTATIONS = YES;
				CLANG_WARN_DIRECT_OBJC_ISA_USAGE = YES_ERROR;
				CLANG_WARN_DOCUMENTATION_COMMENTS = YES;
				CLANG_WARN_EMPTY_BODY = YES;
				CLANG_WARN_ENUM_CONVERSION = YES;
				CLANG_WARN_INFINITE_RECURSION = YES;
				CLANG_WARN_INT_CONVERSION = YES;
				CLANG_WARN_NON_LITERAL_NULL_CONVERSION = YES;
				CLANG_WARN_OBJC_IMPLICIT_RETAIN_SELF = YES;
				CLANG_WARN_OBJC_LITERAL_CONVERSION = YES;
				CLANG_WARN_OBJC_ROOT_CLASS = YES_ERROR;
				CLANG_WARN_QUOTED_INCLUDE_IN_FRAMEWORK_HEADER = YES;
				CLANG_WARN_RANGE_LOOP_ANALYSIS = YES;
				CLANG_WARN_STRICT_PROTOTYPES = YES;
				CLANG_WARN_SUSPICIOUS_MOVE = YES;
				CLANG_WARN_UNGUARDED_AVAILABILITY = YES_AGGRESSIVE;
				CLANG_WARN_UNREACHABLE_CODE = YES;
				CLANG_WARN__DUPLICATE_METHOD_MATCH = YES;
				COPY_PHASE_STRIP = NO;
				DEBUG_INFORMATION_FORMAT = "dwarf-with-dsym";
				ENABLE_NS_ASSERTIONS = NO;
				ENABLE_STRICT_OBJC_MSGSEND = YES;
				GCC_C_LANGUAGE_STANDARD = gnu11;
				GCC_NO_COMMON_BLOCKS = YES;
				GCC_WARN_64_TO_32_BIT_CONVERSION = YES;
				GCC_WARN_ABOUT_RETURN_TYPE = YES_ERROR;
				GCC_WARN_UNDECLARED_SELECTOR = YES;
				GCC_WARN_UNINITIALIZED_AUTOS = YES_AGGRESSIVE;
				GCC_WARN_UNUSED_FUNCTION = YES;
				GCC_WARN_UNUSED_VARIABLE = YES;
				IPHONEOS_DEPLOYMENT_TARGET = 16.4;
				MTL_ENABLE_DEBUG_INFO = NO;
				MTL_FAST_MATH = YES;
				SDKROOT = iphoneos;
				SWIFT_COMPILATION_MODE = wholemodule;
				SWIFT_OPTIMIZATION_LEVEL = "-O";
				VALIDATE_PRODUCT = YES;
			};
			name = Release;
		};
		930867DE2AAD1AF900785996 /* Debug */ = {
			isa = XCBuildConfiguration;
			buildSettings = {
				ASSETCATALOG_COMPILER_APPICON_NAME = AppIcon;
				ASSETCATALOG_COMPILER_GLOBAL_ACCENT_COLOR_NAME = AccentColor;
				CODE_SIGN_STYLE = Automatic;
				CURRENT_PROJECT_VERSION = 1;
				DEVELOPMENT_TEAM = SDRFCCMG85;
				GENERATE_INFOPLIST_FILE = YES;
				INFOPLIST_FILE = "MVVM-Example/Info.plist";
				INFOPLIST_KEY_UIApplicationSupportsIndirectInputEvents = YES;
				INFOPLIST_KEY_UILaunchStoryboardName = LaunchScreen;
				INFOPLIST_KEY_UIMainStoryboardFile = "";
				INFOPLIST_KEY_UISupportedInterfaceOrientations_iPad = "UIInterfaceOrientationPortrait UIInterfaceOrientationPortraitUpsideDown UIInterfaceOrientationLandscapeLeft UIInterfaceOrientationLandscapeRight";
				INFOPLIST_KEY_UISupportedInterfaceOrientations_iPhone = "UIInterfaceOrientationPortrait UIInterfaceOrientationLandscapeLeft UIInterfaceOrientationLandscapeRight";
				LD_RUNPATH_SEARCH_PATHS = (
					"$(inherited)",
					"@executable_path/Frameworks",
				);
				MARKETING_VERSION = 1.0;
				PRODUCT_BUNDLE_IDENTIFIER = "com.kadiirhocaoglu.MVVM-Example";
				PRODUCT_NAME = "$(TARGET_NAME)";
				SUPPORTED_PLATFORMS = "iphoneos iphonesimulator";
				SUPPORTS_MACCATALYST = NO;
				SUPPORTS_MAC_DESIGNED_FOR_IPHONE_IPAD = NO;
				SWIFT_EMIT_LOC_STRINGS = YES;
				SWIFT_VERSION = 5.0;
				TARGETED_DEVICE_FAMILY = "1,2";
			};
			name = Debug;
		};
		930867DF2AAD1AF900785996 /* Release */ = {
			isa = XCBuildConfiguration;
			buildSettings = {
				ASSETCATALOG_COMPILER_APPICON_NAME = AppIcon;
				ASSETCATALOG_COMPILER_GLOBAL_ACCENT_COLOR_NAME = AccentColor;
				CODE_SIGN_STYLE = Automatic;
				CURRENT_PROJECT_VERSION = 1;
				DEVELOPMENT_TEAM = SDRFCCMG85;
				GENERATE_INFOPLIST_FILE = YES;
				INFOPLIST_FILE = "MVVM-Example/Info.plist";
				INFOPLIST_KEY_UIApplicationSupportsIndirectInputEvents = YES;
				INFOPLIST_KEY_UILaunchStoryboardName = LaunchScreen;
				INFOPLIST_KEY_UIMainStoryboardFile = "";
				INFOPLIST_KEY_UISupportedInterfaceOrientations_iPad = "UIInterfaceOrientationPortrait UIInterfaceOrientationPortraitUpsideDown UIInterfaceOrientationLandscapeLeft UIInterfaceOrientationLandscapeRight";
				INFOPLIST_KEY_UISupportedInterfaceOrientations_iPhone = "UIInterfaceOrientationPortrait UIInterfaceOrientationLandscapeLeft UIInterfaceOrientationLandscapeRight";
				LD_RUNPATH_SEARCH_PATHS = (
					"$(inherited)",
					"@executable_path/Frameworks",
				);
				MARKETING_VERSION = 1.0;
				PRODUCT_BUNDLE_IDENTIFIER = "com.kadiirhocaoglu.MVVM-Example";
				PRODUCT_NAME = "$(TARGET_NAME)";
				SUPPORTED_PLATFORMS = "iphoneos iphonesimulator";
				SUPPORTS_MACCATALYST = NO;
				SUPPORTS_MAC_DESIGNED_FOR_IPHONE_IPAD = NO;
				SWIFT_EMIT_LOC_STRINGS = YES;
				SWIFT_VERSION = 5.0;
				TARGETED_DEVICE_FAMILY = "1,2";
			};
			name = Release;
		};
/* End XCBuildConfiguration section */

/* Begin XCConfigurationList section */
		930867C42AAD1AF800785996 /* Build configuration list for PBXProject "MVVM-Example" */ = {
			isa = XCConfigurationList;
			buildConfigurations = (
				930867DB2AAD1AF900785996 /* Debug */,
				930867DC2AAD1AF900785996 /* Release */,
			);
			defaultConfigurationIsVisible = 0;
			defaultConfigurationName = Release;
		};
		930867DD2AAD1AF900785996 /* Build configuration list for PBXNativeTarget "MVVM-Example" */ = {
			isa = XCConfigurationList;
			buildConfigurations = (
				930867DE2AAD1AF900785996 /* Debug */,
				930867DF2AAD1AF900785996 /* Release */,
			);
			defaultConfigurationIsVisible = 0;
			defaultConfigurationName = Release;
		};
/* End XCConfigurationList section */
	};
	rootObject = 930867C12AAD1AF800785996 /* Project object */;
}
